
Microsoft Visual Studio Solution File, Format Version 11.00
# Visual Studio 2010
Project("{FAE04EC0-301F-11D3-BF4B-00C04F79EFBC}") = "flappy coso test miglioramento", "Assembly-CSharp.csproj", "{AC17B955-A551-E87A-E0C1-8D4A4E168363}"
EndProject
Global
	GlobalSection(SolutionConfigurationPlatforms) = preSolution
		Debug|Any CPU = Debug|Any CPU
		Release|Any CPU = Release|Any CPU
	EndGlobalSection
	GlobalSection(ProjectConfigurationPlatforms) = postSolution
		{AC17B955-A551-E87A-E0C1-8D4A4E168363}.Debug|Any CPU.ActiveCfg = Debug|Any CPU
		{AC17B955-A551-E87A-E0C1-8D4A4E168363}.Debug|Any CPU.Build.0 = Debug|Any CPU
		{AC17B955-A551-E87A-E0C1-8D4A4E168363}.Release|Any CPU.ActiveCfg = Release|Any CPU
		{AC17B955-A551-E87A-E0C1-8D4A4E168363}.Release|Any CPU.Build.0 = Release|Any CPU
	EndGlobalSection
	GlobalSection(SolutionProperties) = preSolution
		HideSolutionNode = FALSE
	EndGlobalSection
	GlobalSection(MonoDevelopProperties) = preSolution
		StartupItem = Assembly-CSharp.csproj
	EndGlobalSection
EndGlobal
